{
    "_readme": [
        "This file locks the dependencies of your project to a known state",
        "Read more about it at https://getcomposer.org/doc/01-basic-usage.md#installing-dependencies",
        "This file is @generated automatically"
    ],
    "content-hash": "99bdfad4da2aca394caae4b2b3dfbd24",
    "packages": [
        {
            "name": "lcobucci/jwt",
            "version": "3.4.6",
            "source": {
                "type": "git",
                "url": "https://github.com/lcobucci/jwt.git",
                "reference": "3ef8657a78278dfeae7707d51747251db4176240"
            },
            "dist": {
                "type": "zip",
                "url": "https://api.github.com/repos/lcobucci/jwt/zipball/3ef8657a78278dfeae7707d51747251db4176240",
                "reference": "3ef8657a78278dfeae7707d51747251db4176240",
                "shasum": ""
            },
            "require": {
                "ext-mbstring": "*",
                "ext-openssl": "*",
                "php": "^5.6 || ^7.0"
            },
            "require-dev": {
                "mikey179/vfsstream": "~1.5",
                "phpmd/phpmd": "~2.2",
                "phpunit/php-invoker": "~1.1",
                "phpunit/phpunit": "^5.7 || ^7.3",
                "squizlabs/php_codesniffer": "~2.3"
            },
            "suggest": {
                "lcobucci/clock": "*"
            },
            "type": "library",
            "extra": {
                "branch-alias": {
                    "dev-master": "3.1-dev"
                }
            },
            "autoload": {
                "files": [
                    "compat/class-aliases.php",
                    "compat/json-exception-polyfill.php",
                    "compat/lcobucci-clock-polyfill.php"
                ],
                "psr-4": {
                    "Lcobucci\\JWT\\": "src"
                }
            },
            "notification-url": "https://packagist.org/downloads/",
            "license": [
                "BSD-3-Clause"
            ],
            "authors": [
                {
                    "name": "Luís Otávio Cobucci Oblonczyk",
                    "email": "lcobucci@gmail.com",
                    "role": "Developer"
                }
            ],
            "description": "A simple library to work with JSON Web Token and JSON Web Signature",
            "keywords": [
                "JWS",
                "jwt"
            ],
            "support": {
                "issues": "https://github.com/lcobucci/jwt/issues",
                "source": "https://github.com/lcobucci/jwt/tree/3.4.6"
            },
            "funding": [
                {
                    "url": "https://github.com/lcobucci",
                    "type": "github"
                },
                {
                    "url": "https://www.patreon.com/lcobucci",
                    "type": "patreon"
                }
            ],
            "time": "2021-09-28T19:18:28+00:00"
        },
        {
            "name": "workerman/mysql",
            "version": "v1.0.6",
            "source": {
                "type": "git",
                "url": "https://github.com/walkor/mysql.git",
                "reference": "28272aa68f9ea1a482f9bb0cf709d169f772d228"
            },
            "dist": {
                "type": "zip",
                "url": "https://api.github.com/repos/walkor/mysql/zipball/28272aa68f9ea1a482f9bb0cf709d169f772d228",
                "reference": "28272aa68f9ea1a482f9bb0cf709d169f772d228",
                "shasum": ""
            },
            "require": {
                "ext-pdo": "*",
                "ext-pdo_mysql": "*",
                "php": ">=5.3"
            },
            "type": "library",
            "autoload": {
                "psr-4": {
                    "Workerman\\MySQL\\": "./src"
                }
            },
            "notification-url": "https://packagist.org/downloads/",
            "license": [
                "MIT"
            ],
            "description": "Long-living MySQL connection for daemon.",
            "homepage": "http://www.workerman.net",
            "keywords": [
                "mysql",
                "pdo",
                "pdo_mysql"
            ],
            "support": {
                "issues": "https://github.com/walkor/mysql/issues",
                "source": "https://github.com/walkor/mysql/tree/v1.0.6"
            },
            "time": "2019-08-02T10:43:09+00:00"
        },
        {
            "name": "workerman/workerman",
            "version": "v4.1.4",
            "source": {
                "type": "git",
                "url": "https://github.com/walkor/workerman.git",
                "reference": "83e007acf936e2233ac92d7368b87716f2bae338"
            },
            "dist": {
                "type": "zip",
                "url": "https://api.github.com/repos/walkor/workerman/zipball/83e007acf936e2233ac92d7368b87716f2bae338",
                "reference": "83e007acf936e2233ac92d7368b87716f2bae338",
                "shasum": ""
            },
            "require": {
                "php": ">=7.0"
            },
            "suggest": {
                "ext-event": "For better performance. "
            },
            "type": "library",
            "autoload": {
                "psr-4": {
                    "Workerman\\": "./"
                }
            },
            "notification-url": "https://packagist.org/downloads/",
            "license": [
                "MIT"
            ],
            "authors": [
                {
                    "name": "walkor",
                    "email": "walkor@workerman.net",
                    "homepage": "http://www.workerman.net",
                    "role": "Developer"
                }
            ],
            "description": "An asynchronous event driven PHP framework for easily building fast, scalable network applications.",
            "homepage": "http://www.workerman.net",
            "keywords": [
                "asynchronous",
                "event-loop"
            ],
            "support": {
                "email": "walkor@workerman.net",
                "forum": "http://wenda.workerman.net/",
                "issues": "https://github.com/walkor/workerman/issues",
                "source": "https://github.com/walkor/workerman",
                "wiki": "http://doc.workerman.net/"
            },
            "funding": [
                {
                    "url": "https://opencollective.com/workerman",
                    "type": "open_collective"
                },
                {
                    "url": "https://www.patreon.com/walkor",
                    "type": "patreon"
                }
            ],
            "time": "2022-10-09T11:33:14+00:00"
        }
    ],
    "packages-dev": [],
    "aliases": [],
    "minimum-stability": "stable",
    "stability-flags": [],
    "prefer-stable": false,
    "prefer-lowest": false,
    "platform": [],
    "platform-dev": [],
    "plugin-api-version": "2.0.0"
}
